
Microsoft Visual Studio Solution File, Format Version 12.00
# Visual Studio Version 16
VisualStudioVersion = 16.0.34407.143
MinimumVisualStudioVersion = 10.0.40219.1
Project("{8BC9CEB8-8B4A-11D0-8D11-00A0C91BC942}") = "Project01", "Project01\Project01.vcxproj", "{AF708C87-4179-49B6-9153-0AB9AFD0D2D6}"
EndProject
Project("{8BC9CEB8-8B4A-11D0-8D11-00A0C91BC942}") = "Project02", "Project02\Project02.vcxproj", "{BF6611F8-9E12-47CA-B16C-CDEFC77DAB1A}"
EndProject
Project("{8BC9CEB8-8B4A-11D0-8D11-00A0C91BC942}") = "Project03", "Project03\Project03.vcxproj", "{EF37B554-65AB-4FEC-967E-7145C68D4C64}"
EndProject
Project("{8BC9CEB8-8B4A-11D0-8D11-00A0C91BC942}") = "Project04", "Project04\Project04.vcxproj", "{2F0405F3-FB65-4BDC-9518-F418D1557D53}"
EndProject
Global
	GlobalSection(SolutionConfigurationPlatforms) = preSolution
		Debug|x64 = Debug|x64
		Debug|x86 = Debug|x86
		Release|x64 = Release|x64
		Release|x86 = Release|x86
	EndGlobalSection
	GlobalSection(ProjectConfigurationPlatforms) = postSolution
		{AF708C87-4179-49B6-9153-0AB9AFD0D2D6}.Debug|x64.ActiveCfg = Debug|x64
		{AF708C87-4179-49B6-9153-0AB9AFD0D2D6}.Debug|x64.Build.0 = Debug|x64
		{AF708C87-4179-49B6-9153-0AB9AFD0D2D6}.Debug|x86.ActiveCfg = Debug|Win32
		{AF708C87-4179-49B6-9153-0AB9AFD0D2D6}.Debug|x86.Build.0 = Debug|Win32
		{AF708C87-4179-49B6-9153-0AB9AFD0D2D6}.Release|x64.ActiveCfg = Release|x64
		{AF708C87-4179-49B6-9153-0AB9AFD0D2D6}.Release|x64.Build.0 = Release|x64
		{AF708C87-4179-49B6-9153-0AB9AFD0D2D6}.Release|x86.ActiveCfg = Release|Win32
		{AF708C87-4179-49B6-9153-0AB9AFD0D2D6}.Release|x86.Build.0 = Release|Win32
		{BF6611F8-9E12-47CA-B16C-CDEFC77DAB1A}.Debug|x64.ActiveCfg = Debug|x64
		{BF6611F8-9E12-47CA-B16C-CDEFC77DAB1A}.Debug|x64.Build.0 = Debug|x64
		{BF6611F8-9E12-47CA-B16C-CDEFC77DAB1A}.Debug|x86.ActiveCfg = Debug|Win32
		{BF6611F8-9E12-47CA-B16C-CDEFC77DAB1A}.Debug|x86.Build.0 = Debug|Win32
		{BF6611F8-9E12-47CA-B16C-CDEFC77DAB1A}.Release|x64.ActiveCfg = Release|x64
		{BF6611F8-9E12-47CA-B16C-CDEFC77DAB1A}.Release|x64.Build.0 = Release|x64
		{BF6611F8-9E12-47CA-B16C-CDEFC77DAB1A}.Release|x86.ActiveCfg = Release|Win32
		{BF6611F8-9E12-47CA-B16C-CDEFC77DAB1A}.Release|x86.Build.0 = Release|Win32
		{EF37B554-65AB-4FEC-967E-7145C68D4C64}.Debug|x64.ActiveCfg = Debug|x64
		{EF37B554-65AB-4FEC-967E-7145C68D4C64}.Debug|x64.Build.0 = Debug|x64
		{EF37B554-65AB-4FEC-967E-7145C68D4C64}.Debug|x86.ActiveCfg = Debug|Win32
		{EF37B554-65AB-4FEC-967E-7145C68D4C64}.Debug|x86.Build.0 = Debug|Win32
		{EF37B554-65AB-4FEC-967E-7145C68D4C64}.Release|x64.ActiveCfg = Release|x64
		{EF37B554-65AB-4FEC-967E-7145C68D4C64}.Release|x64.Build.0 = Release|x64
		{EF37B554-65AB-4FEC-967E-7145C68D4C64}.Release|x86.ActiveCfg = Release|Win32
		{EF37B554-65AB-4FEC-967E-7145C68D4C64}.Release|x86.Build.0 = Release|Win32
		{2F0405F3-FB65-4BDC-9518-F418D1557D53}.Debug|x64.ActiveCfg = Debug|x64
		{2F0405F3-FB65-4BDC-9518-F418D1557D53}.Debug|x64.Build.0 = Debug|x64
		{2F0405F3-FB65-4BDC-9518-F418D1557D53}.Debug|x86.ActiveCfg = Debug|Win32
		{2F0405F3-FB65-4BDC-9518-F418D1557D53}.Debug|x86.Build.0 = Debug|Win32
		{2F0405F3-FB65-4BDC-9518-F418D1557D53}.Release|x64.ActiveCfg = Release|x64
		{2F0405F3-FB65-4BDC-9518-F418D1557D53}.Release|x64.Build.0 = Release|x64
		{2F0405F3-FB65-4BDC-9518-F418D1557D53}.Release|x86.ActiveCfg = Release|Win32
		{2F0405F3-FB65-4BDC-9518-F418D1557D53}.Release|x86.Build.0 = Release|Win32
	EndGlobalSection
	GlobalSection(SolutionProperties) = preSolution
		HideSolutionNode = FALSE
	EndGlobalSection
	GlobalSection(ExtensibilityGlobals) = postSolution
		SolutionGuid = {D53BB03F-5286-4592-B276-40C98575B58D}
	EndGlobalSection
EndGlobal
